
Microsoft Visual Studio Solution File, Format Version 12.00
# Visual Studio Version 17
VisualStudioVersion = 17.0.32112.339
MinimumVisualStudioVersion = 10.0.40219.1
Project("{FAE04EC0-301F-11D3-BF4B-00C04F79EFBC}") = "OOP", "OOP.csproj", "{4179252C-384D-4ECA-8783-272C70F89C28}"
EndProject
Global
	GlobalSection(SolutionConfigurationPlatforms) = preSolution
		Debug|Any CPU = Debug|Any CPU
		Release|Any CPU = Release|Any CPU
	EndGlobalSection
	GlobalSection(ProjectConfigurationPlatforms) = postSolution
		{4179252C-384D-4ECA-8783-272C70F89C28}.Debug|Any CPU.ActiveCfg = Debug|Any CPU
		{4179252C-384D-4ECA-8783-272C70F89C28}.Debug|Any CPU.Build.0 = Debug|Any CPU
		{4179252C-384D-4ECA-8783-272C70F89C28}.Release|Any CPU.ActiveCfg = Release|Any CPU
		{4179252C-384D-4ECA-8783-272C70F89C28}.Release|Any CPU.Build.0 = Release|Any CPU
	EndGlobalSection
	GlobalSection(SolutionProperties) = preSolution
		HideSolutionNode = FALSE
	EndGlobalSection
	GlobalSection(ExtensibilityGlobals) = postSolution
		SolutionGuid = {CB438700-78F2-4CD9-A12A-7A17CFCB216E}
	EndGlobalSection
EndGlobal
